
Microsoft Visual Studio Solution File, Format Version 12.00
# Visual Studio Version 17
VisualStudioVersion = 17.8.34330.188
MinimumVisualStudioVersion = 10.0.40219.1
Project("{9A19103F-16F7-4668-BE54-9A1E7A4F7556}") = "courierSystem.PL", "courierSystem.PL\courierSystem.PL.csproj", "{01E99ED8-03AE-4A36-8406-CC28E241DFB8}"
EndProject
Project("{9A19103F-16F7-4668-BE54-9A1E7A4F7556}") = "courierSystem.BLL", "courierSystem.BLL\courierSystem.BLL.csproj", "{6CA59B64-198D-4817-860A-FE41C4783B3E}"
EndProject
Project("{9A19103F-16F7-4668-BE54-9A1E7A4F7556}") = "courierSystem.DAL", "courierSystem.DAL\courierSystem.DAL.csproj", "{767D9102-C4FE-48B5-86F9-723E4F202B22}"
EndProject
Project("{FAE04EC0-301F-11D3-BF4B-00C04F79EFBC}") = "CourierServiceSystem.DAL.Tests", "CourierServiceSystem.DAL.Tests\CourierServiceSystem.DAL.Tests.csproj", "{1E1D49F1-27C9-4A84-A147-B5D4097F013D}"
EndProject
Global
	GlobalSection(SolutionConfigurationPlatforms) = preSolution
		Debug|Any CPU = Debug|Any CPU
		Release|Any CPU = Release|Any CPU
	EndGlobalSection
	GlobalSection(ProjectConfigurationPlatforms) = postSolution
		{01E99ED8-03AE-4A36-8406-CC28E241DFB8}.Debug|Any CPU.ActiveCfg = Debug|Any CPU
		{01E99ED8-03AE-4A36-8406-CC28E241DFB8}.Debug|Any CPU.Build.0 = Debug|Any CPU
		{01E99ED8-03AE-4A36-8406-CC28E241DFB8}.Release|Any CPU.ActiveCfg = Release|Any CPU
		{01E99ED8-03AE-4A36-8406-CC28E241DFB8}.Release|Any CPU.Build.0 = Release|Any CPU
		{6CA59B64-198D-4817-860A-FE41C4783B3E}.Debug|Any CPU.ActiveCfg = Debug|Any CPU
		{6CA59B64-198D-4817-860A-FE41C4783B3E}.Debug|Any CPU.Build.0 = Debug|Any CPU
		{6CA59B64-198D-4817-860A-FE41C4783B3E}.Release|Any CPU.ActiveCfg = Release|Any CPU
		{6CA59B64-198D-4817-860A-FE41C4783B3E}.Release|Any CPU.Build.0 = Release|Any CPU
		{767D9102-C4FE-48B5-86F9-723E4F202B22}.Debug|Any CPU.ActiveCfg = Debug|Any CPU
		{767D9102-C4FE-48B5-86F9-723E4F202B22}.Debug|Any CPU.Build.0 = Debug|Any CPU
		{767D9102-C4FE-48B5-86F9-723E4F202B22}.Release|Any CPU.ActiveCfg = Release|Any CPU
		{767D9102-C4FE-48B5-86F9-723E4F202B22}.Release|Any CPU.Build.0 = Release|Any CPU
		{1E1D49F1-27C9-4A84-A147-B5D4097F013D}.Debug|Any CPU.ActiveCfg = Debug|Any CPU
		{1E1D49F1-27C9-4A84-A147-B5D4097F013D}.Debug|Any CPU.Build.0 = Debug|Any CPU
		{1E1D49F1-27C9-4A84-A147-B5D4097F013D}.Release|Any CPU.ActiveCfg = Release|Any CPU
		{1E1D49F1-27C9-4A84-A147-B5D4097F013D}.Release|Any CPU.Build.0 = Release|Any CPU
	EndGlobalSection
	GlobalSection(SolutionProperties) = preSolution
		HideSolutionNode = FALSE
	EndGlobalSection
	GlobalSection(ExtensibilityGlobals) = postSolution
		SolutionGuid = {DFC394A0-B63C-4E8B-83F9-1D765F84F4C4}
	EndGlobalSection
EndGlobal
